
Microsoft Visual Studio Solution File, Format Version 12.00
# Visual Studio 15
Project("{FAE04EC0-301F-11D3-BF4B-00C04F79EFBC}") = "Assembly-CSharp", "Assembly-CSharp.csproj", "{4A6B0C72-07AE-F1CE-4794-3D346144DCCB}"
EndProject
Project("{FAE04EC0-301F-11D3-BF4B-00C04F79EFBC}") = "NavMeshComponents", "NavMeshComponents.csproj", "{F25FE76D-0C09-55CE-5E9C-51B72405FB66}"
EndProject
Project("{FAE04EC0-301F-11D3-BF4B-00C04F79EFBC}") = "NavMeshComponentsEditor", "NavMeshComponentsEditor.csproj", "{4368476A-8925-DD8E-2172-D34546DD5A6C}"
EndProject
Global
	GlobalSection(SolutionConfigurationPlatforms) = preSolution
		Debug|Any CPU = Debug|Any CPU
		Release|Any CPU = Release|Any CPU
	EndGlobalSection
	GlobalSection(ProjectConfigurationPlatforms) = postSolution
		{4A6B0C72-07AE-F1CE-4794-3D346144DCCB}.Debug|Any CPU.ActiveCfg = Debug|Any CPU
		{4A6B0C72-07AE-F1CE-4794-3D346144DCCB}.Debug|Any CPU.Build.0 = Debug|Any CPU
		{4A6B0C72-07AE-F1CE-4794-3D346144DCCB}.Release|Any CPU.ActiveCfg = Release|Any CPU
		{4A6B0C72-07AE-F1CE-4794-3D346144DCCB}.Release|Any CPU.Build.0 = Release|Any CPU
		{F25FE76D-0C09-55CE-5E9C-51B72405FB66}.Debug|Any CPU.ActiveCfg = Debug|Any CPU
		{F25FE76D-0C09-55CE-5E9C-51B72405FB66}.Debug|Any CPU.Build.0 = Debug|Any CPU
		{F25FE76D-0C09-55CE-5E9C-51B72405FB66}.Release|Any CPU.ActiveCfg = Release|Any CPU
		{F25FE76D-0C09-55CE-5E9C-51B72405FB66}.Release|Any CPU.Build.0 = Release|Any CPU
		{4368476A-8925-DD8E-2172-D34546DD5A6C}.Debug|Any CPU.ActiveCfg = Debug|Any CPU
		{4368476A-8925-DD8E-2172-D34546DD5A6C}.Debug|Any CPU.Build.0 = Debug|Any CPU
		{4368476A-8925-DD8E-2172-D34546DD5A6C}.Release|Any CPU.ActiveCfg = Release|Any CPU
		{4368476A-8925-DD8E-2172-D34546DD5A6C}.Release|Any CPU.Build.0 = Release|Any CPU
	EndGlobalSection
	GlobalSection(SolutionProperties) = preSolution
		HideSolutionNode = FALSE
	EndGlobalSection
EndGlobal
